
Microsoft Visual Studio Solution File, Format Version 12.00
# Visual Studio 2012
Project("{2150E333-8FDC-42A3-9474-1A3956D46DE8}") = "Demo #1", "Demo #1", "{51D94442-2A46-4C4B-93E2-FFB8F0F81B6C}"
EndProject
Project("{FAE04EC0-301F-11D3-BF4B-00C04F79EFBC}") = "ConsoleDemo", "ConsoleDemo\ConsoleDemo.csproj", "{C6EDE4E0-D16C-4A32-A290-A824B6487520}"
EndProject
Project("{2150E333-8FDC-42A3-9474-1A3956D46DE8}") = "Demo #2", "Demo #2", "{683F0747-A6B5-4588-B114-9C4AFCB7D19E}"
EndProject
Project("{D954291E-2A0B-460D-934E-DC6B0785DB48}") = "MobileAppDemo", "MobileAppDemo\MobileAppDemo.shproj", "{DAEE30BA-DEEB-4287-865D-80631B2594C6}"
EndProject
Project("{FAE04EC0-301F-11D3-BF4B-00C04F79EFBC}") = "MobileAppDemo.iOS", "iOS\MobileAppDemo.iOS.csproj", "{BB2D3D52-A345-49EB-9773-BA2DF4D2D4BA}"
EndProject
Global
	GlobalSection(SolutionConfigurationPlatforms) = preSolution
		Debug|x86 = Debug|x86
		Release|x86 = Release|x86
		Debug|iPhoneSimulator = Debug|iPhoneSimulator
		Release|iPhone = Release|iPhone
		Release|iPhoneSimulator = Release|iPhoneSimulator
		Debug|iPhone = Debug|iPhone
	EndGlobalSection
	GlobalSection(ProjectConfigurationPlatforms) = postSolution
		{BB2D3D52-A345-49EB-9773-BA2DF4D2D4BA}.Debug|iPhone.ActiveCfg = Debug|iPhone
		{BB2D3D52-A345-49EB-9773-BA2DF4D2D4BA}.Debug|iPhone.Build.0 = Debug|iPhone
		{BB2D3D52-A345-49EB-9773-BA2DF4D2D4BA}.Debug|iPhoneSimulator.ActiveCfg = Debug|iPhoneSimulator
		{BB2D3D52-A345-49EB-9773-BA2DF4D2D4BA}.Debug|iPhoneSimulator.Build.0 = Debug|iPhoneSimulator
		{BB2D3D52-A345-49EB-9773-BA2DF4D2D4BA}.Debug|x86.ActiveCfg = Debug|iPhoneSimulator
		{BB2D3D52-A345-49EB-9773-BA2DF4D2D4BA}.Debug|x86.Build.0 = Debug|iPhoneSimulator
		{BB2D3D52-A345-49EB-9773-BA2DF4D2D4BA}.Release|iPhone.ActiveCfg = Release|iPhone
		{BB2D3D52-A345-49EB-9773-BA2DF4D2D4BA}.Release|iPhone.Build.0 = Release|iPhone
		{BB2D3D52-A345-49EB-9773-BA2DF4D2D4BA}.Release|iPhoneSimulator.ActiveCfg = Release|iPhoneSimulator
		{BB2D3D52-A345-49EB-9773-BA2DF4D2D4BA}.Release|iPhoneSimulator.Build.0 = Release|iPhoneSimulator
		{BB2D3D52-A345-49EB-9773-BA2DF4D2D4BA}.Release|x86.ActiveCfg = Release|iPhone
		{BB2D3D52-A345-49EB-9773-BA2DF4D2D4BA}.Release|x86.Build.0 = Release|iPhone
		{C6EDE4E0-D16C-4A32-A290-A824B6487520}.Debug|iPhone.ActiveCfg = Debug|x86
		{C6EDE4E0-D16C-4A32-A290-A824B6487520}.Debug|iPhone.Build.0 = Debug|x86
		{C6EDE4E0-D16C-4A32-A290-A824B6487520}.Debug|iPhoneSimulator.ActiveCfg = Debug|x86
		{C6EDE4E0-D16C-4A32-A290-A824B6487520}.Debug|iPhoneSimulator.Build.0 = Debug|x86
		{C6EDE4E0-D16C-4A32-A290-A824B6487520}.Debug|x86.ActiveCfg = Debug|x86
		{C6EDE4E0-D16C-4A32-A290-A824B6487520}.Debug|x86.Build.0 = Debug|x86
		{C6EDE4E0-D16C-4A32-A290-A824B6487520}.Release|iPhone.ActiveCfg = Release|x86
		{C6EDE4E0-D16C-4A32-A290-A824B6487520}.Release|iPhone.Build.0 = Release|x86
		{C6EDE4E0-D16C-4A32-A290-A824B6487520}.Release|iPhoneSimulator.ActiveCfg = Release|x86
		{C6EDE4E0-D16C-4A32-A290-A824B6487520}.Release|iPhoneSimulator.Build.0 = Release|x86
		{C6EDE4E0-D16C-4A32-A290-A824B6487520}.Release|x86.ActiveCfg = Release|x86
		{C6EDE4E0-D16C-4A32-A290-A824B6487520}.Release|x86.Build.0 = Release|x86
	EndGlobalSection
	GlobalSection(NestedProjects) = preSolution
		{C6EDE4E0-D16C-4A32-A290-A824B6487520} = {51D94442-2A46-4C4B-93E2-FFB8F0F81B6C}
		{DAEE30BA-DEEB-4287-865D-80631B2594C6} = {683F0747-A6B5-4588-B114-9C4AFCB7D19E}
		{BB2D3D52-A345-49EB-9773-BA2DF4D2D4BA} = {683F0747-A6B5-4588-B114-9C4AFCB7D19E}
	EndGlobalSection
EndGlobal
